{
  "requires": true,
  "lockfileVersion": 1,
  "dependencies": {
    "mdi": {
      "version": "2.1.19",
      "resolved": "https://registry.npmjs.org/mdi/-/mdi-2.1.19.tgz",
      "integrity": "sha512-WErwab4jq/jcCeo4aecQ5UH1WXu2Eto5Rdb0AiBFcUw8CHmF/UeV+hf9wKyH17X+c3Z+jaS3jDKW7fu0R0HmWQ=="
    },
    "vue-form-wizard": {
      "version": "0.8.2",
      "resolved": "https://registry.npmjs.org/vue-form-wizard/-/vue-form-wizard-0.8.2.tgz",
      "integrity": "sha512-cJ6cuwXb/E9TZFi5CJFTD/+Z3hkmCj2rEztFizJzLwpPNrh/Jne4RDJYzNfmHlO7mwDMoarLcrZTNNhqmoXLwA=="
    }
  }
}
